
Microsoft Visual Studio Solution File, Format Version 12.00
# Visual Studio Version 16
VisualStudioVersion = 16.0.29709.97
MinimumVisualStudioVersion = 10.0.40219.1
Project("{FAE04EC0-301F-11D3-BF4B-00C04F79EFBC}") = "GameLauncher", "GameLauncher.csproj", "{F754035F-1DD3-4CEC-ABB5-383F338B6CD3}"
EndProject
Project("{FAE04EC0-301F-11D3-BF4B-00C04F79EFBC}") = "ChatApp.Service", "..\ChatApp.Service\ChatApp.Service.csproj", "{615857BA-40C6-435C-82E0-C42E16A640AA}"
EndProject
Global
	GlobalSection(SolutionConfigurationPlatforms) = preSolution
		Debug|Any CPU = Debug|Any CPU
		Release|Any CPU = Release|Any CPU
	EndGlobalSection
	GlobalSection(ProjectConfigurationPlatforms) = postSolution
		{F754035F-1DD3-4CEC-ABB5-383F338B6CD3}.Debug|Any CPU.ActiveCfg = Debug|Any CPU
		{F754035F-1DD3-4CEC-ABB5-383F338B6CD3}.Debug|Any CPU.Build.0 = Debug|Any CPU
		{F754035F-1DD3-4CEC-ABB5-383F338B6CD3}.Release|Any CPU.ActiveCfg = Release|Any CPU
		{F754035F-1DD3-4CEC-ABB5-383F338B6CD3}.Release|Any CPU.Build.0 = Release|Any CPU
		{615857BA-40C6-435C-82E0-C42E16A640AA}.Debug|Any CPU.ActiveCfg = Debug|Any CPU
		{615857BA-40C6-435C-82E0-C42E16A640AA}.Debug|Any CPU.Build.0 = Debug|Any CPU
		{615857BA-40C6-435C-82E0-C42E16A640AA}.Release|Any CPU.ActiveCfg = Release|Any CPU
		{615857BA-40C6-435C-82E0-C42E16A640AA}.Release|Any CPU.Build.0 = Release|Any CPU
	EndGlobalSection
	GlobalSection(SolutionProperties) = preSolution
		HideSolutionNode = FALSE
	EndGlobalSection
	GlobalSection(ExtensibilityGlobals) = postSolution
		SolutionGuid = {C0D2EF2F-6736-4BDB-8884-7629486B4046}
	EndGlobalSection
EndGlobal
